
Microsoft Visual Studio Solution File, Format Version 12.00
# Visual Studio Version 16
VisualStudioVersion = 16.0.30907.101
MinimumVisualStudioVersion = 10.0.40219.1
Project("{FAE04EC0-301F-11D3-BF4B-00C04F79EFBC}") = "DemoHerokuApp.Demo", "DemoHerokuApp\DemoHerokuApp.Demo.csproj", "{BD74629C-53AD-4AA4-B28A-A989B2494C6B}"
EndProject
Project("{FAE04EC0-301F-11D3-BF4B-00C04F79EFBC}") = "DemoHerokuApp.Test", "DemoHerokuApp.Test\DemoHerokuApp.Test.csproj", "{51647B68-DA49-4BCF-881C-561A4C58FF45}"
EndProject
Global
	GlobalSection(SolutionConfigurationPlatforms) = preSolution
		Debug|Any CPU = Debug|Any CPU
		Release|Any CPU = Release|Any CPU
	EndGlobalSection
	GlobalSection(ProjectConfigurationPlatforms) = postSolution
		{BD74629C-53AD-4AA4-B28A-A989B2494C6B}.Debug|Any CPU.ActiveCfg = Debug|Any CPU
		{BD74629C-53AD-4AA4-B28A-A989B2494C6B}.Debug|Any CPU.Build.0 = Debug|Any CPU
		{BD74629C-53AD-4AA4-B28A-A989B2494C6B}.Release|Any CPU.ActiveCfg = Release|Any CPU
		{BD74629C-53AD-4AA4-B28A-A989B2494C6B}.Release|Any CPU.Build.0 = Release|Any CPU
		{51647B68-DA49-4BCF-881C-561A4C58FF45}.Debug|Any CPU.ActiveCfg = Debug|Any CPU
		{51647B68-DA49-4BCF-881C-561A4C58FF45}.Debug|Any CPU.Build.0 = Debug|Any CPU
		{51647B68-DA49-4BCF-881C-561A4C58FF45}.Release|Any CPU.ActiveCfg = Release|Any CPU
		{51647B68-DA49-4BCF-881C-561A4C58FF45}.Release|Any CPU.Build.0 = Release|Any CPU
	EndGlobalSection
	GlobalSection(SolutionProperties) = preSolution
		HideSolutionNode = FALSE
	EndGlobalSection
	GlobalSection(ExtensibilityGlobals) = postSolution
		SolutionGuid = {6BAB527D-885B-45CE-B0F8-F7248A0E1C3F}
	EndGlobalSection
EndGlobal
